
Microsoft Visual Studio Solution File, Format Version 12.00
# Visual Studio Version 17
VisualStudioVersion = 17.5.33530.505
MinimumVisualStudioVersion = 10.0.40219.1
Project("{FAE04EC0-301F-11D3-BF4B-00C04F79EFBC}") = "CosmosDB", "CosmosDB.csproj", "{93A24EAB-2EB3-460C-9F6E-C0011288B5F3}"
EndProject
Global
	GlobalSection(SolutionConfigurationPlatforms) = preSolution
		Debug|Any CPU = Debug|Any CPU
		Release|Any CPU = Release|Any CPU
	EndGlobalSection
	GlobalSection(ProjectConfigurationPlatforms) = postSolution
		{93A24EAB-2EB3-460C-9F6E-C0011288B5F3}.Debug|Any CPU.ActiveCfg = Debug|Any CPU
		{93A24EAB-2EB3-460C-9F6E-C0011288B5F3}.Debug|Any CPU.Build.0 = Debug|Any CPU
		{93A24EAB-2EB3-460C-9F6E-C0011288B5F3}.Release|Any CPU.ActiveCfg = Release|Any CPU
		{93A24EAB-2EB3-460C-9F6E-C0011288B5F3}.Release|Any CPU.Build.0 = Release|Any CPU
	EndGlobalSection
	GlobalSection(SolutionProperties) = preSolution
		HideSolutionNode = FALSE
	EndGlobalSection
	GlobalSection(ExtensibilityGlobals) = postSolution
		SolutionGuid = {54860ED1-9C32-47D5-B711-5A3F7AD5F699}
	EndGlobalSection
EndGlobal
